
Microsoft Visual Studio Solution File, Format Version 12.00
# Visual Studio Version 17
VisualStudioVersion = 17.10.34928.147
MinimumVisualStudioVersion = 10.0.40219.1
<<<<<<< HEAD
Project("{9A19103F-16F7-4668-BE54-9A1E7A4F7556}") = "CourseApp.Data", "CouerseApp.Data\CourseApp.Data.csproj", "{94522438-9E21-4DA5-99A2-DB6BC06EE8F8}"
=======
Project("{9A19103F-16F7-4668-BE54-9A1E7A4F7556}") = "CouerseApp.Data", "CouerseApp.Data\CouerseApp.Data.csproj", "{94522438-9E21-4DA5-99A2-DB6BC06EE8F8}"
>>>>>>> 2a6390d9b69ad8dfa963e618465ae2a6f3e66cf6
EndProject
Project("{2150E333-8FDC-42A3-9474-1A3956D46DE8}") = "Data", "Data", "{C842FD31-5E0E-4DC5-8F12-2A95627FBF78}"
EndProject
Project("{2150E333-8FDC-42A3-9474-1A3956D46DE8}") = "Web", "Web", "{A40ED5F7-A21B-4E41-9E0E-D8D197A3D490}"
EndProject
Project("{9A19103F-16F7-4668-BE54-9A1E7A4F7556}") = "CourseApp.Web", "CourseApp.Web\CourseApp.Web.csproj", "{F41304B1-62B8-4B0C-BFC3-34949E4AACEB}"
EndProject
Project("{2150E333-8FDC-42A3-9474-1A3956D46DE8}") = "Test", "Test", "{25326EA7-B0A3-43A8-80E1-B3661F131F1E}"
EndProject
<<<<<<< HEAD
Project("{9A19103F-16F7-4668-BE54-9A1E7A4F7556}") = "CourseApp.Test", "CourseApp.Test\CourseApp.Test.csproj", "{917120A2-FEE2-4C5B-A566-EA773B8CB9A3}"
=======
Project("{FAE04EC0-301F-11D3-BF4B-00C04F79EFBC}") = "CourseApp.Test", "CourseApp.Test\CourseApp.Test.csproj", "{917120A2-FEE2-4C5B-A566-EA773B8CB9A3}"
>>>>>>> 2a6390d9b69ad8dfa963e618465ae2a6f3e66cf6
EndProject
Global
	GlobalSection(SolutionConfigurationPlatforms) = preSolution
		Debug|Any CPU = Debug|Any CPU
		Release|Any CPU = Release|Any CPU
	EndGlobalSection
	GlobalSection(ProjectConfigurationPlatforms) = postSolution
		{94522438-9E21-4DA5-99A2-DB6BC06EE8F8}.Debug|Any CPU.ActiveCfg = Debug|Any CPU
		{94522438-9E21-4DA5-99A2-DB6BC06EE8F8}.Debug|Any CPU.Build.0 = Debug|Any CPU
		{94522438-9E21-4DA5-99A2-DB6BC06EE8F8}.Release|Any CPU.ActiveCfg = Release|Any CPU
		{94522438-9E21-4DA5-99A2-DB6BC06EE8F8}.Release|Any CPU.Build.0 = Release|Any CPU
		{F41304B1-62B8-4B0C-BFC3-34949E4AACEB}.Debug|Any CPU.ActiveCfg = Debug|Any CPU
		{F41304B1-62B8-4B0C-BFC3-34949E4AACEB}.Debug|Any CPU.Build.0 = Debug|Any CPU
		{F41304B1-62B8-4B0C-BFC3-34949E4AACEB}.Release|Any CPU.ActiveCfg = Release|Any CPU
		{F41304B1-62B8-4B0C-BFC3-34949E4AACEB}.Release|Any CPU.Build.0 = Release|Any CPU
		{917120A2-FEE2-4C5B-A566-EA773B8CB9A3}.Debug|Any CPU.ActiveCfg = Debug|Any CPU
		{917120A2-FEE2-4C5B-A566-EA773B8CB9A3}.Debug|Any CPU.Build.0 = Debug|Any CPU
		{917120A2-FEE2-4C5B-A566-EA773B8CB9A3}.Release|Any CPU.ActiveCfg = Release|Any CPU
		{917120A2-FEE2-4C5B-A566-EA773B8CB9A3}.Release|Any CPU.Build.0 = Release|Any CPU
	EndGlobalSection
	GlobalSection(SolutionProperties) = preSolution
		HideSolutionNode = FALSE
	EndGlobalSection
	GlobalSection(NestedProjects) = preSolution
		{94522438-9E21-4DA5-99A2-DB6BC06EE8F8} = {C842FD31-5E0E-4DC5-8F12-2A95627FBF78}
		{F41304B1-62B8-4B0C-BFC3-34949E4AACEB} = {A40ED5F7-A21B-4E41-9E0E-D8D197A3D490}
		{917120A2-FEE2-4C5B-A566-EA773B8CB9A3} = {25326EA7-B0A3-43A8-80E1-B3661F131F1E}
	EndGlobalSection
	GlobalSection(ExtensibilityGlobals) = postSolution
		SolutionGuid = {E5DA8994-0C03-4230-908A-368E77A14E5A}
	EndGlobalSection
EndGlobal
